
Microsoft Visual Studio Solution File, Format Version 12.00
# Visual Studio 15
VisualStudioVersion = 15.0.28307.757
MinimumVisualStudioVersion = 10.0.40219.1
Project("{FAE04EC0-301F-11D3-BF4B-00C04F79EFBC}") = "Zoomsocks.Model", "Zoomsocks.Model\Zoomsocks.Model.csproj", "{128F4279-F662-4130-B5F4-130F5E436840}"
EndProject
Project("{FAE04EC0-301F-11D3-BF4B-00C04F79EFBC}") = "Zoomsocks.Data", "Zoomsocks.Data\Zoomsocks.Data.csproj", "{E9B5DDEC-3BA8-41BA-8093-7E13CDAD1DF8}"
EndProject
Project("{FAE04EC0-301F-11D3-BF4B-00C04F79EFBC}") = "Zoomsocks.Common", "Zoomsocks.Common\Zoomsocks.Common.csproj", "{483BE319-8CB3-4E63-BDB6-8EEE5AC9ADAB}"
EndProject
Project("{FAE04EC0-301F-11D3-BF4B-00C04F79EFBC}") = "Zoomsocks.WebUI", "Zoomsocks.WebUI\Zoomsocks.WebUI.csproj", "{9E038DDA-F29C-4136-8365-3A89F6D3D5E1}"
EndProject
Project("{FAE04EC0-301F-11D3-BF4B-00C04F79EFBC}") = "Zoomsocks.Service", "Zoomsocks.Service\Zoomsocks.Service.csproj", "{443A5F62-7D68-4503-A624-313A5C26E75C}"
EndProject
Global
	GlobalSection(SolutionConfigurationPlatforms) = preSolution
		Debug|Any CPU = Debug|Any CPU
		Release|Any CPU = Release|Any CPU
	EndGlobalSection
	GlobalSection(ProjectConfigurationPlatforms) = postSolution
		{128F4279-F662-4130-B5F4-130F5E436840}.Debug|Any CPU.ActiveCfg = Debug|Any CPU
		{128F4279-F662-4130-B5F4-130F5E436840}.Debug|Any CPU.Build.0 = Debug|Any CPU
		{128F4279-F662-4130-B5F4-130F5E436840}.Release|Any CPU.ActiveCfg = Release|Any CPU
		{128F4279-F662-4130-B5F4-130F5E436840}.Release|Any CPU.Build.0 = Release|Any CPU
		{E9B5DDEC-3BA8-41BA-8093-7E13CDAD1DF8}.Debug|Any CPU.ActiveCfg = Debug|Any CPU
		{E9B5DDEC-3BA8-41BA-8093-7E13CDAD1DF8}.Debug|Any CPU.Build.0 = Debug|Any CPU
		{E9B5DDEC-3BA8-41BA-8093-7E13CDAD1DF8}.Release|Any CPU.ActiveCfg = Release|Any CPU
		{E9B5DDEC-3BA8-41BA-8093-7E13CDAD1DF8}.Release|Any CPU.Build.0 = Release|Any CPU
		{483BE319-8CB3-4E63-BDB6-8EEE5AC9ADAB}.Debug|Any CPU.ActiveCfg = Debug|Any CPU
		{483BE319-8CB3-4E63-BDB6-8EEE5AC9ADAB}.Debug|Any CPU.Build.0 = Debug|Any CPU
		{483BE319-8CB3-4E63-BDB6-8EEE5AC9ADAB}.Release|Any CPU.ActiveCfg = Release|Any CPU
		{483BE319-8CB3-4E63-BDB6-8EEE5AC9ADAB}.Release|Any CPU.Build.0 = Release|Any CPU
		{9E038DDA-F29C-4136-8365-3A89F6D3D5E1}.Debug|Any CPU.ActiveCfg = Debug|Any CPU
		{9E038DDA-F29C-4136-8365-3A89F6D3D5E1}.Debug|Any CPU.Build.0 = Debug|Any CPU
		{9E038DDA-F29C-4136-8365-3A89F6D3D5E1}.Release|Any CPU.ActiveCfg = Release|Any CPU
		{9E038DDA-F29C-4136-8365-3A89F6D3D5E1}.Release|Any CPU.Build.0 = Release|Any CPU
		{443A5F62-7D68-4503-A624-313A5C26E75C}.Debug|Any CPU.ActiveCfg = Debug|Any CPU
		{443A5F62-7D68-4503-A624-313A5C26E75C}.Debug|Any CPU.Build.0 = Debug|Any CPU
		{443A5F62-7D68-4503-A624-313A5C26E75C}.Release|Any CPU.ActiveCfg = Release|Any CPU
		{443A5F62-7D68-4503-A624-313A5C26E75C}.Release|Any CPU.Build.0 = Release|Any CPU
	EndGlobalSection
	GlobalSection(SolutionProperties) = preSolution
		HideSolutionNode = FALSE
	EndGlobalSection
	GlobalSection(ExtensibilityGlobals) = postSolution
		SolutionGuid = {05674339-E8A0-4240-A39B-E9EABCFC6D45}
	EndGlobalSection
EndGlobal
